
Microsoft Visual Studio Solution File, Format Version 12.00
# Visual Studio Version 16
VisualStudioVersion = 16.0.30907.101
MinimumVisualStudioVersion = 10.0.40219.1
Project("{FAE04EC0-301F-11D3-BF4B-00C04F79EFBC}") = "cle-spring-2021-courses", "cle-spring-2021-courses\cle-spring-2021-courses.csproj", "{AB1EBA38-313F-4CBB-9C89-FA4221423BC9}"
EndProject
Global
	GlobalSection(SolutionConfigurationPlatforms) = preSolution
		Debug|Any CPU = Debug|Any CPU
		Release|Any CPU = Release|Any CPU
	EndGlobalSection
	GlobalSection(ProjectConfigurationPlatforms) = postSolution
		{AB1EBA38-313F-4CBB-9C89-FA4221423BC9}.Debug|Any CPU.ActiveCfg = Debug|Any CPU
		{AB1EBA38-313F-4CBB-9C89-FA4221423BC9}.Debug|Any CPU.Build.0 = Debug|Any CPU
		{AB1EBA38-313F-4CBB-9C89-FA4221423BC9}.Release|Any CPU.ActiveCfg = Release|Any CPU
		{AB1EBA38-313F-4CBB-9C89-FA4221423BC9}.Release|Any CPU.Build.0 = Release|Any CPU
	EndGlobalSection
	GlobalSection(SolutionProperties) = preSolution
		HideSolutionNode = FALSE
	EndGlobalSection
	GlobalSection(ExtensibilityGlobals) = postSolution
		SolutionGuid = {33FACB79-C8F2-4AC5-86A9-63060A65FB22}
	EndGlobalSection
EndGlobal
